
Microsoft Visual Studio Solution File, Format Version 12.00
# Visual Studio Version 16
VisualStudioVersion = 16.0.31205.134
MinimumVisualStudioVersion = 10.0.40219.1
Project("{FAE04EC0-301F-11D3-BF4B-00C04F79EFBC}") = "3. Quanta Mandioca", "3. Quanta Mandioca\3. Quanta Mandioca.csproj", "{A19A8765-4CA0-4F8F-91E9-405788C82CE5}"
EndProject
Global
	GlobalSection(SolutionConfigurationPlatforms) = preSolution
		Debug|Any CPU = Debug|Any CPU
		Release|Any CPU = Release|Any CPU
	EndGlobalSection
	GlobalSection(ProjectConfigurationPlatforms) = postSolution
		{A19A8765-4CA0-4F8F-91E9-405788C82CE5}.Debug|Any CPU.ActiveCfg = Debug|Any CPU
		{A19A8765-4CA0-4F8F-91E9-405788C82CE5}.Debug|Any CPU.Build.0 = Debug|Any CPU
		{A19A8765-4CA0-4F8F-91E9-405788C82CE5}.Release|Any CPU.ActiveCfg = Release|Any CPU
		{A19A8765-4CA0-4F8F-91E9-405788C82CE5}.Release|Any CPU.Build.0 = Release|Any CPU
	EndGlobalSection
	GlobalSection(SolutionProperties) = preSolution
		HideSolutionNode = FALSE
	EndGlobalSection
	GlobalSection(ExtensibilityGlobals) = postSolution
		SolutionGuid = {E424FA10-381E-4808-98C3-1588C123BB50}
	EndGlobalSection
EndGlobal
